// !$*UTF8*$!
{
	archiveVersion = 1;
	classes = {
	};
	objectVersion = 50;
	objects = {

/* Begin PBXBuildFile section */
		1DD7648C2557E06100EAB2B1 /* MacaWartaApp.swift in Sources */ = {isa = PBXBuildFile; fileRef = 1DD7648B2557E06100EAB2B1 /* MacaWartaApp.swift */; };
		1DD7648E2557E06100EAB2B1 /* ContentView.swift in Sources */ = {isa = PBXBuildFile; fileRef = 1DD7648D2557E06100EAB2B1 /* ContentView.swift */; };
		1DD764902557E06300EAB2B1 /* Assets.xcassets in Resources */ = {isa = PBXBuildFile; fileRef = 1DD7648F2557E06300EAB2B1 /* Assets.xcassets */; };
		1DD764932557E06300EAB2B1 /* Preview Assets.xcassets in Resources */ = {isa = PBXBuildFile; fileRef = 1DD764922557E06300EAB2B1 /* Preview Assets.xcassets */; };
		1DD7649E2557E06300EAB2B1 /* MacaWartaTests.swift in Sources */ = {isa = PBXBuildFile; fileRef = 1DD7649D2557E06300EAB2B1 /* MacaWartaTests.swift */; };
		1DD764A92557E06300EAB2B1 /* MacaWartaUITests.swift in Sources */ = {isa = PBXBuildFile; fileRef = 1DD764A82557E06300EAB2B1 /* MacaWartaUITests.swift */; };
/* End PBXBuildFile section */

/* Begin PBXContainerItemProxy section */
		1DD7649A2557E06300EAB2B1 /* PBXContainerItemProxy */ = {
			isa = PBXContainerItemProxy;
			containerPortal = 1DD764802557E06100EAB2B1 /* Project object */;
			proxyType = 1;
			remoteGlobalIDString = 1DD764872557E06100EAB2B1;
			remoteInfo = MacaWarta;
		};
		1DD764A52557E06300EAB2B1 /* PBXContainerItemProxy */ = {
			isa = PBXContainerItemProxy;
			containerPortal = 1DD764802557E06100EAB2B1 /* Project object */;
			proxyType = 1;
			remoteGlobalIDString = 1DD764872557E06100EAB2B1;
			remoteInfo = MacaWarta;
		};
/* End PBXContainerItemProxy section */

/* Begin PBXFileReference section */
		1DD764882557E06100EAB2B1 /* MacaWarta.app */ = {isa = PBXFileReference; explicitFileType = wrapper.application; includeInIndex = 0; path = MacaWarta.app; sourceTree = BUILT_PRODUCTS_DIR; };
		1DD7648B2557E06100EAB2B1 /* MacaWartaApp.swift */ = {isa = PBXFileReference; lastKnownFileType = sourcecode.swift; path = MacaWartaApp.swift; sourceTree = "<group>"; };
		1DD7648D2557E06100EAB2B1 /* ContentView.swift */ = {isa = PBXFileReference; lastKnownFileType = sourcecode.swift; path = ContentView.swift; sourceTree = "<group>"; };
		1DD7648F2557E06300EAB2B1 /* Assets.xcassets */ = {isa = PBXFileReference; lastKnownFileType = folder.assetcatalog; path = Assets.xcassets; sourceTree = "<group>"; };
		1DD764922557E06300EAB2B1 /* Preview Assets.xcassets */ = {isa = PBXFileReference; lastKnownFileType = folder.assetcatalog; path = "Preview Assets.xcassets"; sourceTree = "<group>"; };
		1DD764942557E06300EAB2B1 /* Info.plist */ = {isa = PBXFileReference; lastKnownFileType = text.plist.xml; path = Info.plist; sourceTree = "<group>"; };
		1DD764992557E06300EAB2B1 /* MacaWartaTests.xctest */ = {isa = PBXFileReference; explicitFileType = wrapper.cfbundle; includeInIndex = 0; path = MacaWartaTests.xctest; sourceTree = BUILT_PRODUCTS_DIR; };
		1DD7649D2557E06300EAB2B1 /* MacaWartaTests.swift */ = {isa = PBXFileReference; lastKnownFileType = sourcecode.swift; path = MacaWartaTests.swift; sourceTree = "<group>"; };
		1DD7649F2557E06300EAB2B1 /* Info.plist */ = {isa = PBXFileReference; lastKnownFileType = text.plist.xml; path = Info.plist; sourceTree = "<group>"; };
		1DD764A42557E06300EAB2B1 /* MacaWartaUITests.xctest */ = {isa = PBXFileReference; explicitFileType = wrapper.cfbundle; includeInIndex = 0; path = MacaWartaUITests.xctest; sourceTree = BUILT_PRODUCTS_DIR; };
		1DD764A82557E06300EAB2B1 /* MacaWartaUITests.swift */ = {isa = PBXFileReference; lastKnownFileType = sourcecode.swift; path = MacaWartaUITests.swift; sourceTree = "<group>"; };
		1DD764AA2557E06300EAB2B1 /* Info.plist */ = {isa = PBXFileReference; lastKnownFileType = text.plist.xml; path = Info.plist; sourceTree = "<group>"; };
/* End PBXFileReference section */

/* Begin PBXFrameworksBuildPhase section */
		1DD764852557E06100EAB2B1 /* Frameworks */ = {
			isa = PBXFrameworksBuildPhase;
			buildActionMask = 2147483647;
			files = (
			);
			runOnlyForDeploymentPostprocessing = 0;
		};
		1DD764962557E06300EAB2B1 /* Frameworks */ = {
			isa = PBXFrameworksBuildPhase;
			buildActionMask = 2147483647;
			files = (
			);
			runOnlyForDeploymentPostprocessing = 0;
		};
		1DD764A12557E06300EAB2B1 /* Frameworks */ = {
			isa = PBXFrameworksBuildPhase;
			buildActionMask = 2147483647;
			files = (
			);
			runOnlyForDeploymentPostprocessing = 0;
		};
/* End PBXFrameworksBuildPhase section */

/* Begin PBXGroup section */
		1DD7647F2557E06100EAB2B1 = {
			isa = PBXGroup;
			children = (
				1DD7648A2557E06100EAB2B1 /* MacaWarta */,
				1DD7649C2557E06300EAB2B1 /* MacaWartaTests */,
				1DD764A72557E06300EAB2B1 /* MacaWartaUITests */,
				1DD764892557E06100EAB2B1 /* Products */,
			);
			sourceTree = "<group>";
		};
		1DD764892557E06100EAB2B1 /* Products */ = {
			isa = PBXGroup;
			children = (
				1DD764882557E06100EAB2B1 /* MacaWarta.app */,
				1DD764992557E06300EAB2B1 /* MacaWartaTests.xctest */,
				1DD764A42557E06300EAB2B1 /* MacaWartaUITests.xctest */,
			);
			name = Products;
			sourceTree = "<group>";
		};
		1DD7648A2557E06100EAB2B1 /* MacaWarta */ = {
			isa = PBXGroup;
			children = (
				1DD7648B2557E06100EAB2B1 /* MacaWartaApp.swift */,
				1DD7648D2557E06100EAB2B1 /* ContentView.swift */,
				1DD7648F2557E06300EAB2B1 /* Assets.xcassets */,
				1DD764942557E06300EAB2B1 /* Info.plist */,
				1DD764912557E06300EAB2B1 /* Preview Content */,
			);
			path = MacaWarta;
			sourceTree = "<group>";
		};
		1DD764912557E06300EAB2B1 /* Preview Content */ = {
			isa = PBXGroup;
			children = (
				1DD764922557E06300EAB2B1 /* Preview Assets.xcassets */,
			);
			path = "Preview Content";
			sourceTree = "<group>";
		};
		1DD7649C2557E06300EAB2B1 /* MacaWartaTests */ = {
			isa = PBXGroup;
			children = (
				1DD7649D2557E06300EAB2B1 /* MacaWartaTests.swift */,
				1DD7649F2557E06300EAB2B1 /* Info.plist */,
			);
			path = MacaWartaTests;
			sourceTree = "<group>";
		};
		1DD764A72557E06300EAB2B1 /* MacaWartaUITests */ = {
			isa = PBXGroup;
			children = (
				1DD764A82557E06300EAB2B1 /* MacaWartaUITests.swift */,
				1DD764AA2557E06300EAB2B1 /* Info.plist */,
			);
			path = MacaWartaUITests;
			sourceTree = "<group>";
		};
/* End PBXGroup section */

/* Begin PBXNativeTarget section */
		1DD764872557E06100EAB2B1 /* MacaWarta */ = {
			isa = PBXNativeTarget;
			buildConfigurationList = 1DD764AD2557E06300EAB2B1 /* Build configuration list for PBXNativeTarget "MacaWarta" */;
			buildPhases = (
				1DD764842557E06100EAB2B1 /* Sources */,
				1DD764852557E06100EAB2B1 /* Frameworks */,
				1DD764862557E06100EAB2B1 /* Resources */,
			);
			buildRules = (
			);
			dependencies = (
			);
			name = MacaWarta;
			productName = MacaWarta;
			productReference = 1DD764882557E06100EAB2B1 /* MacaWarta.app */;
			productType = "com.apple.product-type.application";
		};
		1DD764982557E06300EAB2B1 /* MacaWartaTests */ = {
			isa = PBXNativeTarget;
			buildConfigurationList = 1DD764B02557E06300EAB2B1 /* Build configuration list for PBXNativeTarget "MacaWartaTests" */;
			buildPhases = (
				1DD764952557E06300EAB2B1 /* Sources */,
				1DD764962557E06300EAB2B1 /* Frameworks */,
				1DD764972557E06300EAB2B1 /* Resources */,
			);
			buildRules = (
			);
			dependencies = (
				1DD7649B2557E06300EAB2B1 /* PBXTargetDependency */,
			);
			name = MacaWartaTests;
			productName = MacaWartaTests;
			productReference = 1DD764992557E06300EAB2B1 /* MacaWartaTests.xctest */;
			productType = "com.apple.product-type.bundle.unit-test";
		};
		1DD764A32557E06300EAB2B1 /* MacaWartaUITests */ = {
			isa = PBXNativeTarget;
			buildConfigurationList = 1DD764B32557E06300EAB2B1 /* Build configuration list for PBXNativeTarget "MacaWartaUITests" */;
			buildPhases = (
				1DD764A02557E06300EAB2B1 /* Sources */,
				1DD764A12557E06300EAB2B1 /* Frameworks */,
				1DD764A22557E06300EAB2B1 /* Resources */,
			);
			buildRules = (
			);
			dependencies = (
				1DD764A62557E06300EAB2B1 /* PBXTargetDependency */,
			);
			name = MacaWartaUITests;
			productName = MacaWartaUITests;
			productReference = 1DD764A42557E06300EAB2B1 /* MacaWartaUITests.xctest */;
			productType = "com.apple.product-type.bundle.ui-testing";
		};
/* End PBXNativeTarget section */

/* Begin PBXProject section */
		1DD764802557E06100EAB2B1 /* Project object */ = {
			isa = PBXProject;
			attributes = {
				LastSwiftUpdateCheck = 1210;
				LastUpgradeCheck = 1210;
				TargetAttributes = {
					1DD764872557E06100EAB2B1 = {
						CreatedOnToolsVersion = 12.1;
					};
					1DD764982557E06300EAB2B1 = {
						CreatedOnToolsVersion = 12.1;
						TestTargetID = 1DD764872557E06100EAB2B1;
					};
					1DD764A32557E06300EAB2B1 = {
						CreatedOnToolsVersion = 12.1;
						TestTargetID = 1DD764872557E06100EAB2B1;
					};
				};
			};
			buildConfigurationList = 1DD764832557E06100EAB2B1 /* Build configuration list for PBXProject "MacaWarta" */;
			compatibilityVersion = "Xcode 9.3";
			developmentRegion = en;
			hasScannedForEncodings = 0;
			knownRegions = (
				en,
				Base,
			);
			mainGroup = 1DD7647F2557E06100EAB2B1;
			productRefGroup = 1DD764892557E06100EAB2B1 /* Products */;
			projectDirPath = "";
			projectRoot = "";
			targets = (
				1DD764872557E06100EAB2B1 /* MacaWarta */,
				1DD764982557E06300EAB2B1 /* MacaWartaTests */,
				1DD764A32557E06300EAB2B1 /* MacaWartaUITests */,
			);
		};
/* End PBXProject section */

/* Begin PBXResourcesBuildPhase section */
		1DD764862557E06100EAB2B1 /* Resources */ = {
			isa = PBXResourcesBuildPhase;
			buildActionMask = 2147483647;
			files = (
				1DD764932557E06300EAB2B1 /* Preview Assets.xcassets in Resources */,
				1DD764902557E06300EAB2B1 /* Assets.xcassets in Resources */,
			);
			runOnlyForDeploymentPostprocessing = 0;
		};
		1DD764972557E06300EAB2B1 /* Resources */ = {
			isa = PBXResourcesBuildPhase;
			buildActionMask = 2147483647;
			files = (
			);
			runOnlyForDeploymentPostprocessing = 0;
		};
		1DD764A22557E06300EAB2B1 /* Resources */ = {
			isa = PBXResourcesBuildPhase;
			buildActionMask = 2147483647;
			files = (
			);
			runOnlyForDeploymentPostprocessing = 0;
		};
/* End PBXResourcesBuildPhase section */

/* Begin PBXSourcesBuildPhase section */
		1DD764842557E06100EAB2B1 /* Sources */ = {
			isa = PBXSourcesBuildPhase;
			buildActionMask = 2147483647;
			files = (
				1DD7648E2557E06100EAB2B1 /* ContentView.swift in Sources */,
				1DD7648C2557E06100EAB2B1 /* MacaWartaApp.swift in Sources */,
			);
			runOnlyForDeploymentPostprocessing = 0;
		};
		1DD764952557E06300EAB2B1 /* Sources */ = {
			isa = PBXSourcesBuildPhase;
			buildActionMask = 2147483647;
			files = (
				1DD7649E2557E06300EAB2B1 /* MacaWartaTests.swift in Sources */,
			);
			runOnlyForDeploymentPostprocessing = 0;
		};
		1DD764A02557E06300EAB2B1 /* Sources */ = {
			isa = PBXSourcesBuildPhase;
			buildActionMask = 2147483647;
			files = (
				1DD764A92557E06300EAB2B1 /* MacaWartaUITests.swift in Sources */,
			);
			runOnlyForDeploymentPostprocessing = 0;
		};
/* End PBXSourcesBuildPhase section */

/* Begin PBXTargetDependency section */
		1DD7649B2557E06300EAB2B1 /* PBXTargetDependency */ = {
			isa = PBXTargetDependency;
			target = 1DD764872557E06100EAB2B1 /* MacaWarta */;
			targetProxy = 1DD7649A2557E06300EAB2B1 /* PBXContainerItemProxy */;
		};
		1DD764A62557E06300EAB2B1 /* PBXTargetDependency */ = {
			isa = PBXTargetDependency;
			target = 1DD764872557E06100EAB2B1 /* MacaWarta */;
			targetProxy = 1DD764A52557E06300EAB2B1 /* PBXContainerItemProxy */;
		};
/* End PBXTargetDependency section */

/* Begin XCBuildConfiguration section */
		1DD764AB2557E06300EAB2B1 /* Debug */ = {
			isa = XCBuildConfiguration;
			buildSettings = {
				ALWAYS_SEARCH_USER_PATHS = NO;
				CLANG_ANALYZER_NONNULL = YES;
				CLANG_ANALYZER_NUMBER_OBJECT_CONVERSION = YES_AGGRESSIVE;
				CLANG_CXX_LANGUAGE_STANDARD = "gnu++14";
				CLANG_CXX_LIBRARY = "libc++";
				CLANG_ENABLE_MODULES = YES;
				CLANG_ENABLE_OBJC_ARC = YES;
				CLANG_ENABLE_OBJC_WEAK = YES;
				CLANG_WARN_BLOCK_CAPTURE_AUTORELEASING = YES;
				CLANG_WARN_BOOL_CONVERSION = YES;
				CLANG_WARN_COMMA = YES;
				CLANG_WARN_CONSTANT_CONVERSION = YES;
				CLANG_WARN_DEPRECATED_OBJC_IMPLEMENTATIONS = YES;
				CLANG_WARN_DIRECT_OBJC_ISA_USAGE = YES_ERROR;
				CLANG_WARN_DOCUMENTATION_COMMENTS = YES;
				CLANG_WARN_EMPTY_BODY = YES;
				CLANG_WARN_ENUM_CONVERSION = YES;
				CLANG_WARN_INFINITE_RECURSION = YES;
				CLANG_WARN_INT_CONVERSION = YES;
				CLANG_WARN_NON_LITERAL_NULL_CONVERSION = YES;
				CLANG_WARN_OBJC_IMPLICIT_RETAIN_SELF = YES;
				CLANG_WARN_OBJC_LITERAL_CONVERSION = YES;
				CLANG_WARN_OBJC_ROOT_CLASS = YES_ERROR;
				CLANG_WARN_QUOTED_INCLUDE_IN_FRAMEWORK_HEADER = YES;
				CLANG_WARN_RANGE_LOOP_ANALYSIS = YES;
				CLANG_WARN_STRICT_PROTOTYPES = YES;
				CLANG_WARN_SUSPICIOUS_MOVE = YES;
				CLANG_WARN_UNGUARDED_AVAILABILITY = YES_AGGRESSIVE;
				CLANG_WARN_UNREACHABLE_CODE = YES;
				CLANG_WARN__DUPLICATE_METHOD_MATCH = YES;
				COPY_PHASE_STRIP = NO;
				DEBUG_INFORMATION_FORMAT = dwarf;
				ENABLE_STRICT_OBJC_MSGSEND = YES;
				ENABLE_TESTABILITY = YES;
				GCC_C_LANGUAGE_STANDARD = gnu11;
				GCC_DYNAMIC_NO_PIC = NO;
				GCC_NO_COMMON_BLOCKS = YES;
				GCC_OPTIMIZATION_LEVEL = 0;
				GCC_PREPROCESSOR_DEFINITIONS = (
					"DEBUG=1",
					"$(inherited)",
				);
				GCC_WARN_64_TO_32_BIT_CONVERSION = YES;
				GCC_WARN_ABOUT_RETURN_TYPE = YES_ERROR;
				GCC_WARN_UNDECLARED_SELECTOR = YES;
				GCC_WARN_UNINITIALIZED_AUTOS = YES_AGGRESSIVE;
				GCC_WARN_UNUSED_FUNCTION = YES;
				GCC_WARN_UNUSED_VARIABLE = YES;
				IPHONEOS_DEPLOYMENT_TARGET = 14.1;
				MTL_ENABLE_DEBUG_INFO = INCLUDE_SOURCE;
				MTL_FAST_MATH = YES;
				ONLY_ACTIVE_ARCH = YES;
				SDKROOT = iphoneos;
				SWIFT_ACTIVE_COMPILATION_CONDITIONS = DEBUG;
				SWIFT_OPTIMIZATION_LEVEL = "-Onone";
			};
			name = Debug;
		};
		1DD764AC2557E06300EAB2B1 /* Release */ = {
			isa = XCBuildConfiguration;
			buildSettings = {
				ALWAYS_SEARCH_USER_PATHS = NO;
				CLANG_ANALYZER_NONNULL = YES;
				CLANG_ANALYZER_NUMBER_OBJECT_CONVERSION = YES_AGGRESSIVE;
				CLANG_CXX_LANGUAGE_STANDARD = "gnu++14";
				CLANG_CXX_LIBRARY = "libc++";
				CLANG_ENABLE_MODULES = YES;
				CLANG_ENABLE_OBJC_ARC = YES;
				CLANG_ENABLE_OBJC_WEAK = YES;
				CLANG_WARN_BLOCK_CAPTURE_AUTORELEASING = YES;
				CLANG_WARN_BOOL_CONVERSION = YES;
				CLANG_WARN_COMMA = YES;
				CLANG_WARN_CONSTANT_CONVERSION = YES;
				CLANG_WARN_DEPRECATED_OBJC_IMPLEMENTATIONS = YES;
				CLANG_WARN_DIRECT_OBJC_ISA_USAGE = YES_ERROR;
				CLANG_WARN_DOCUMENTATION_COMMENTS = YES;
				CLANG_WARN_EMPTY_BODY = YES;
				CLANG_WARN_ENUM_CONVERSION = YES;
				CLANG_WARN_INFINITE_RECURSION = YES;
				CLANG_WARN_INT_CONVERSION = YES;
				CLANG_WARN_NON_LITERAL_NULL_CONVERSION = YES;
				CLANG_WARN_OBJC_IMPLICIT_RETAIN_SELF = YES;
				CLANG_WARN_OBJC_LITERAL_CONVERSION = YES;
				CLANG_WARN_OBJC_ROOT_CLASS = YES_ERROR;
				CLANG_WARN_QUOTED_INCLUDE_IN_FRAMEWORK_HEADER = YES;
				CLANG_WARN_RANGE_LOOP_ANALYSIS = YES;
				CLANG_WARN_STRICT_PROTOTYPES = YES;
				CLANG_WARN_SUSPICIOUS_MOVE = YES;
				CLANG_WARN_UNGUARDED_AVAILABILITY = YES_AGGRESSIVE;
				CLANG_WARN_UNREACHABLE_CODE = YES;
				CLANG_WARN__DUPLICATE_METHOD_MATCH = YES;
				COPY_PHASE_STRIP = NO;
				DEBUG_INFORMATION_FORMAT = "dwarf-with-dsym";
				ENABLE_NS_ASSERTIONS = NO;
				ENABLE_STRICT_OBJC_MSGSEND = YES;
				GCC_C_LANGUAGE_STANDARD = gnu11;
				GCC_NO_COMMON_BLOCKS = YES;
				GCC_WARN_64_TO_32_BIT_CONVERSION = YES;
				GCC_WARN_ABOUT_RETURN_TYPE = YES_ERROR;
				GCC_WARN_UNDECLARED_SELECTOR = YES;
				GCC_WARN_UNINITIALIZED_AUTOS = YES_AGGRESSIVE;
				GCC_WARN_UNUSED_FUNCTION = YES;
				GCC_WARN_UNUSED_VARIABLE = YES;
				IPHONEOS_DEPLOYMENT_TARGET = 14.1;
				MTL_ENABLE_DEBUG_INFO = NO;
				MTL_FAST_MATH = YES;
				SDKROOT = iphoneos;
				SWIFT_COMPILATION_MODE = wholemodule;
				SWIFT_OPTIMIZATION_LEVEL = "-O";
				VALIDATE_PRODUCT = YES;
			};
			name = Release;
		};
		1DD764AE2557E06300EAB2B1 /* Debug */ = {
			isa = XCBuildConfiguration;
			buildSettings = {
				ASSETCATALOG_COMPILER_APPICON_NAME = AppIcon;
				ASSETCATALOG_COMPILER_GLOBAL_ACCENT_COLOR_NAME = AccentColor;
				CODE_SIGN_STYLE = Automatic;
				DEVELOPMENT_ASSET_PATHS = "\"MacaWarta/Preview Content\"";
				DEVELOPMENT_TEAM = CSLF3SVUK3;
				ENABLE_PREVIEWS = YES;
				INFOPLIST_FILE = MacaWarta/Info.plist;
				IPHONEOS_DEPLOYMENT_TARGET = 14.0;
				LD_RUNPATH_SEARCH_PATHS = (
					"$(inherited)",
					"@executable_path/Frameworks",
				);
				PRODUCT_BUNDLE_IDENTIFIER = com.primasantosa.MacaWarta;
				PRODUCT_NAME = "$(TARGET_NAME)";
				SWIFT_VERSION = 5.0;
				TARGETED_DEVICE_FAMILY = "1,2";
			};
			name = Debug;
		};
		1DD764AF2557E06300EAB2B1 /* Release */ = {
			isa = XCBuildConfiguration;
			buildSettings = {
				ASSETCATALOG_COMPILER_APPICON_NAME = AppIcon;
				ASSETCATALOG_COMPILER_GLOBAL_ACCENT_COLOR_NAME = AccentColor;
				CODE_SIGN_STYLE = Automatic;
				DEVELOPMENT_ASSET_PATHS = "\"MacaWarta/Preview Content\"";
				DEVELOPMENT_TEAM = CSLF3SVUK3;
				ENABLE_PREVIEWS = YES;
				INFOPLIST_FILE = MacaWarta/Info.plist;
				IPHONEOS_DEPLOYMENT_TARGET = 14.0;
				LD_RUNPATH_SEARCH_PATHS = (
					"$(inherited)",
					"@executable_path/Frameworks",
				);
				PRODUCT_BUNDLE_IDENTIFIER = com.primasantosa.MacaWarta;
				PRODUCT_NAME = "$(TARGET_NAME)";
				SWIFT_VERSION = 5.0;
				TARGETED_DEVICE_FAMILY = "1,2";
			};
			name = Release;
		};
		1DD764B12557E06300EAB2B1 /* Debug */ = {
			isa = XCBuildConfiguration;
			buildSettings = {
				ALWAYS_EMBED_SWIFT_STANDARD_LIBRARIES = YES;
				BUNDLE_LOADER = "$(TEST_HOST)";
				CODE_SIGN_STYLE = Automatic;
				DEVELOPMENT_TEAM = CSLF3SVUK3;
				INFOPLIST_FILE = MacaWartaTests/Info.plist;
				IPHONEOS_DEPLOYMENT_TARGET = 14.0;
				LD_RUNPATH_SEARCH_PATHS = (
					"$(inherited)",
					"@executable_path/Frameworks",
					"@loader_path/Frameworks",
				);
				PRODUCT_BUNDLE_IDENTIFIER = com.primasantosa.MacaWartaTests;
				PRODUCT_NAME = "$(TARGET_NAME)";
				SWIFT_VERSION = 5.0;
				TARGETED_DEVICE_FAMILY = "1,2";
				TEST_HOST = "$(BUILT_PRODUCTS_DIR)/MacaWarta.app/MacaWarta";
			};
			name = Debug;
		};
		1DD764B22557E06300EAB2B1 /* Release */ = {
			isa = XCBuildConfiguration;
			buildSettings = {
				ALWAYS_EMBED_SWIFT_STANDARD_LIBRARIES = YES;
				BUNDLE_LOADER = "$(TEST_HOST)";
				CODE_SIGN_STYLE = Automatic;
				DEVELOPMENT_TEAM = CSLF3SVUK3;
				INFOPLIST_FILE = MacaWartaTests/Info.plist;
				IPHONEOS_DEPLOYMENT_TARGET = 14.0;
				LD_RUNPATH_SEARCH_PATHS = (
					"$(inherited)",
					"@executable_path/Frameworks",
					"@loader_path/Frameworks",
				);
				PRODUCT_BUNDLE_IDENTIFIER = com.primasantosa.MacaWartaTests;
				PRODUCT_NAME = "$(TARGET_NAME)";
				SWIFT_VERSION = 5.0;
				TARGETED_DEVICE_FAMILY = "1,2";
				TEST_HOST = "$(BUILT_PRODUCTS_DIR)/MacaWarta.app/MacaWarta";
			};
			name = Release;
		};
		1DD764B42557E06300EAB2B1 /* Debug */ = {
			isa = XCBuildConfiguration;
			buildSettings = {
				ALWAYS_EMBED_SWIFT_STANDARD_LIBRARIES = YES;
				CODE_SIGN_STYLE = Automatic;
				DEVELOPMENT_TEAM = CSLF3SVUK3;
				INFOPLIST_FILE = MacaWartaUITests/Info.plist;
				LD_RUNPATH_SEARCH_PATHS = (
					"$(inherited)",
					"@executable_path/Frameworks",
					"@loader_path/Frameworks",
				);
				PRODUCT_BUNDLE_IDENTIFIER = com.primasantosa.MacaWartaUITests;
				PRODUCT_NAME = "$(TARGET_NAME)";
				SWIFT_VERSION = 5.0;
				TARGETED_DEVICE_FAMILY = "1,2";
				TEST_TARGET_NAME = MacaWarta;
			};
			name = Debug;
		};
		1DD764B52557E06300EAB2B1 /* Release */ = {
			isa = XCBuildConfiguration;
			buildSettings = {
				ALWAYS_EMBED_SWIFT_STANDARD_LIBRARIES = YES;
				CODE_SIGN_STYLE = Automatic;
				DEVELOPMENT_TEAM = CSLF3SVUK3;
				INFOPLIST_FILE = MacaWartaUITests/Info.plist;
				LD_RUNPATH_SEARCH_PATHS = (
					"$(inherited)",
					"@executable_path/Frameworks",
					"@loader_path/Frameworks",
				);
				PRODUCT_BUNDLE_IDENTIFIER = com.primasantosa.MacaWartaUITests;
				PRODUCT_NAME = "$(TARGET_NAME)";
				SWIFT_VERSION = 5.0;
				TARGETED_DEVICE_FAMILY = "1,2";
				TEST_TARGET_NAME = MacaWarta;
			};
			name = Release;
		};
/* End XCBuildConfiguration section */

/* Begin XCConfigurationList section */
		1DD764832557E06100EAB2B1 /* Build configuration list for PBXProject "MacaWarta" */ = {
			isa = XCConfigurationList;
			buildConfigurations = (
				1DD764AB2557E06300EAB2B1 /* Debug */,
				1DD764AC2557E06300EAB2B1 /* Release */,
			);
			defaultConfigurationIsVisible = 0;
			defaultConfigurationName = Release;
		};
		1DD764AD2557E06300EAB2B1 /* Build configuration list for PBXNativeTarget "MacaWarta" */ = {
			isa = XCConfigurationList;
			buildConfigurations = (
				1DD764AE2557E06300EAB2B1 /* Debug */,
				1DD764AF2557E06300EAB2B1 /* Release */,
			);
			defaultConfigurationIsVisible = 0;
			defaultConfigurationName = Release;
		};
		1DD764B02557E06300EAB2B1 /* Build configuration list for PBXNativeTarget "MacaWartaTests" */ = {
			isa = XCConfigurationList;
			buildConfigurations = (
				1DD764B12557E06300EAB2B1 /* Debug */,
				1DD764B22557E06300EAB2B1 /* Release */,
			);
			defaultConfigurationIsVisible = 0;
			defaultConfigurationName = Release;
		};
		1DD764B32557E06300EAB2B1 /* Build configuration list for PBXNativeTarget "MacaWartaUITests" */ = {
			isa = XCConfigurationList;
			buildConfigurations = (
				1DD764B42557E06300EAB2B1 /* Debug */,
				1DD764B52557E06300EAB2B1 /* Release */,
			);
			defaultConfigurationIsVisible = 0;
			defaultConfigurationName = Release;
		};
/* End XCConfigurationList section */
	};
	rootObject = 1DD764802557E06100EAB2B1 /* Project object */;
}
